
Microsoft Visual Studio Solution File, Format Version 12.00
# Visual Studio 14
VisualStudioVersion = 14.0.25420.1
MinimumVisualStudioVersion = 10.0.40219.1
Project("{2150E333-8FDC-42A3-9474-1A3956D46DE8}") = "Sub-Domínios", "Sub-Domínios", "{B6472087-30E1-4E7F-875A-57145E064FFB}"
EndProject
Project("{2150E333-8FDC-42A3-9474-1A3956D46DE8}") = "Testes", "Testes", "{F1A01CE1-25C8-4E84-B7B3-130DAD5AFFA4}"
EndProject
Project("{2150E333-8FDC-42A3-9474-1A3956D46DE8}") = "Domínio Básico", "Domínio Básico", "{7CDDCBEB-5648-4531-BEB4-2138D129245A}"
EndProject
Project("{FAE04EC0-301F-11D3-BF4B-00C04F79EFBC}") = "ContextoDeImpostos", "Impostos\Domínio Básico\Impostos\ContextoDeImpostos.csproj", "{7EB2B82A-6C4C-4848-BF15-8289349C8088}"
EndProject
Project("{FAE04EC0-301F-11D3-BF4B-00C04F79EFBC}") = "TestesDeImpostos", "Impostos\TestesDeImpostos\TestesDeImpostos.csproj", "{AA26A952-3734-47EF-9567-BFB14FC71797}"
EndProject
Global
	GlobalSection(SolutionConfigurationPlatforms) = preSolution
		Debug|Any CPU = Debug|Any CPU
		Release|Any CPU = Release|Any CPU
	EndGlobalSection
	GlobalSection(ProjectConfigurationPlatforms) = postSolution
		{7EB2B82A-6C4C-4848-BF15-8289349C8088}.Debug|Any CPU.ActiveCfg = Debug|Any CPU
		{7EB2B82A-6C4C-4848-BF15-8289349C8088}.Debug|Any CPU.Build.0 = Debug|Any CPU
		{7EB2B82A-6C4C-4848-BF15-8289349C8088}.Release|Any CPU.ActiveCfg = Release|Any CPU
		{7EB2B82A-6C4C-4848-BF15-8289349C8088}.Release|Any CPU.Build.0 = Release|Any CPU
		{AA26A952-3734-47EF-9567-BFB14FC71797}.Debug|Any CPU.ActiveCfg = Debug|Any CPU
		{AA26A952-3734-47EF-9567-BFB14FC71797}.Debug|Any CPU.Build.0 = Debug|Any CPU
		{AA26A952-3734-47EF-9567-BFB14FC71797}.Release|Any CPU.ActiveCfg = Release|Any CPU
		{AA26A952-3734-47EF-9567-BFB14FC71797}.Release|Any CPU.Build.0 = Release|Any CPU
	EndGlobalSection
	GlobalSection(SolutionProperties) = preSolution
		HideSolutionNode = FALSE
	EndGlobalSection
	GlobalSection(NestedProjects) = preSolution
		{7CDDCBEB-5648-4531-BEB4-2138D129245A} = {B6472087-30E1-4E7F-875A-57145E064FFB}
		{7EB2B82A-6C4C-4848-BF15-8289349C8088} = {7CDDCBEB-5648-4531-BEB4-2138D129245A}
		{AA26A952-3734-47EF-9567-BFB14FC71797} = {F1A01CE1-25C8-4E84-B7B3-130DAD5AFFA4}
	EndGlobalSection
EndGlobal
